// !$*UTF8*$!
{
	archiveVersion = 1;
	classes = {
	};
	objectVersion = 50;
	objects = {

/* Begin PBXBuildFile section */
		192A9242230B2D0100086FB8 /* SetPopularMoviesFailedAction.swift in Sources */ = {isa = PBXBuildFile; fileRef = 192A9241230B2D0100086FB8 /* SetPopularMoviesFailedAction.swift */; };
		19347A9F23073119007E36CD /* PopularMovieTableViewCell.swift in Sources */ = {isa = PBXBuildFile; fileRef = 19347A9D23073119007E36CD /* PopularMovieTableViewCell.swift */; };
		19347AA023073119007E36CD /* PopularMovieTableViewCell.xib in Resources */ = {isa = PBXBuildFile; fileRef = 19347A9E23073119007E36CD /* PopularMovieTableViewCell.xib */; };
		19347AA223073553007E36CD /* PopularMoviesView.xib in Resources */ = {isa = PBXBuildFile; fileRef = 19347AA123073553007E36CD /* PopularMoviesView.xib */; };
		19347AA4230735B1007E36CD /* PopularMoviesView.swift in Sources */ = {isa = PBXBuildFile; fileRef = 19347AA3230735B1007E36CD /* PopularMoviesView.swift */; };
		19347AA623073E01007E36CD /* PopularMoviesState.swift in Sources */ = {isa = PBXBuildFile; fileRef = 19347AA523073E01007E36CD /* PopularMoviesState.swift */; };
		19347AA823073E36007E36CD /* PopularMoviesReducer.swift in Sources */ = {isa = PBXBuildFile; fileRef = 19347AA723073E36007E36CD /* PopularMoviesReducer.swift */; };
		193F1B06230C615B00DE5FCF /* Main.storyboard in Resources */ = {isa = PBXBuildFile; fileRef = 193F1B05230C615B00DE5FCF /* Main.storyboard */; };
		193F1B08230C61CA00DE5FCF /* Launchboard.storyboard in Resources */ = {isa = PBXBuildFile; fileRef = 193F1B07230C61CA00DE5FCF /* Launchboard.storyboard */; };
		193F1B0A230C847900DE5FCF /* NowPlayingMoviesReducer.swift in Sources */ = {isa = PBXBuildFile; fileRef = 193F1B09230C847900DE5FCF /* NowPlayingMoviesReducer.swift */; };
		193F1B0C230C856B00DE5FCF /* NowPlayingMoviesState.swift in Sources */ = {isa = PBXBuildFile; fileRef = 193F1B0B230C856B00DE5FCF /* NowPlayingMoviesState.swift */; };
		193F1B0E230C859100DE5FCF /* FetchNowPlayingMoviesAction.swift in Sources */ = {isa = PBXBuildFile; fileRef = 193F1B0D230C859100DE5FCF /* FetchNowPlayingMoviesAction.swift */; };
		193F1B10230C85DC00DE5FCF /* SetNowPlayingMoviesAction.swift in Sources */ = {isa = PBXBuildFile; fileRef = 193F1B0F230C85DC00DE5FCF /* SetNowPlayingMoviesAction.swift */; };
		193F1B12230C860100DE5FCF /* SetNowPlayingMoviesFailedAction.swift in Sources */ = {isa = PBXBuildFile; fileRef = 193F1B11230C860100DE5FCF /* SetNowPlayingMoviesFailedAction.swift */; };
		193F1B14230C874E00DE5FCF /* NowPlayingTableViewCell.swift in Sources */ = {isa = PBXBuildFile; fileRef = 193F1B13230C874E00DE5FCF /* NowPlayingTableViewCell.swift */; };
		193F1B18230C879600DE5FCF /* NowPlayingTableViewCell.xib in Resources */ = {isa = PBXBuildFile; fileRef = 193F1B17230C879600DE5FCF /* NowPlayingTableViewCell.xib */; };
		19B5E0392307402200E86CCA /* TableDataSource.swift in Sources */ = {isa = PBXBuildFile; fileRef = 19B5E0372307402200E86CCA /* TableDataSource.swift */; };
		19B5E03A2307402200E86CCA /* CollectionDataSource.swift in Sources */ = {isa = PBXBuildFile; fileRef = 19B5E0382307402200E86CCA /* CollectionDataSource.swift */; };
		19B5E03C230744F400E86CCA /* FetchPopularMoviesAction.swift in Sources */ = {isa = PBXBuildFile; fileRef = 19B5E03B230744F400E86CCA /* FetchPopularMoviesAction.swift */; };
		19B5E03E2307451B00E86CCA /* SetPopularMoviesAction.swift in Sources */ = {isa = PBXBuildFile; fileRef = 19B5E03D2307451B00E86CCA /* SetPopularMoviesAction.swift */; };
		19D4172923049A2600D91A18 /* AppReducer.swift in Sources */ = {isa = PBXBuildFile; fileRef = 19D4172823049A2600D91A18 /* AppReducer.swift */; };
		19D4172D23049D4D00D91A18 /* AppState.swift in Sources */ = {isa = PBXBuildFile; fileRef = 19D4172C23049D4D00D91A18 /* AppState.swift */; };
		19FF3E8F2305EB9600B31285 /* AppRouter.swift in Sources */ = {isa = PBXBuildFile; fileRef = 19FF3E8E2305EB9600B31285 /* AppRouter.swift */; };
		19FF3E912305EC2700B31285 /* RoutingState.swift in Sources */ = {isa = PBXBuildFile; fileRef = 19FF3E902305EC2700B31285 /* RoutingState.swift */; };
		19FF3E932305ECDB00B31285 /* RoutingReducer.swift in Sources */ = {isa = PBXBuildFile; fileRef = 19FF3E922305ECDB00B31285 /* RoutingReducer.swift */; };
		1F521AF42304A4A8002D678B /* AppAction.swift in Sources */ = {isa = PBXBuildFile; fileRef = 1F521AF32304A4A8002D678B /* AppAction.swift */; };
		1F6262EA2304830400CE5E70 /* AppDelegate.swift in Sources */ = {isa = PBXBuildFile; fileRef = 1F6262E92304830400CE5E70 /* AppDelegate.swift */; };
		1F6262EC2304830400CE5E70 /* ListViewController.swift in Sources */ = {isa = PBXBuildFile; fileRef = 1F6262EB2304830400CE5E70 /* ListViewController.swift */; };
		1F6262F22304830400CE5E70 /* RESwiftChallenge.xcdatamodeld in Sources */ = {isa = PBXBuildFile; fileRef = 1F6262F02304830400CE5E70 /* RESwiftChallenge.xcdatamodeld */; };
		1F6262F42304830500CE5E70 /* Assets.xcassets in Resources */ = {isa = PBXBuildFile; fileRef = 1F6262F32304830500CE5E70 /* Assets.xcassets */; };
		1F6263022304830600CE5E70 /* RESwiftChallengeTests.swift in Sources */ = {isa = PBXBuildFile; fileRef = 1F6263012304830600CE5E70 /* RESwiftChallengeTests.swift */; };
		1F62630D2304830600CE5E70 /* RESwiftChallengeUITests.swift in Sources */ = {isa = PBXBuildFile; fileRef = 1F62630C2304830600CE5E70 /* RESwiftChallengeUITests.swift */; };
		1F8799B7230B2CC7005C4367 /* Movie.swift in Sources */ = {isa = PBXBuildFile; fileRef = 1F8799B6230B2CC7005C4367 /* Movie.swift */; };
		1F8799BA230B32E4005C4367 /* CardMovieVerticalView.xib in Resources */ = {isa = PBXBuildFile; fileRef = 1F8799B9230B32E4005C4367 /* CardMovieVerticalView.xib */; };
		1F8799BC230B32FF005C4367 /* CardMovieVerticalView.swift in Sources */ = {isa = PBXBuildFile; fileRef = 1F8799BB230B32FF005C4367 /* CardMovieVerticalView.swift */; };
		1F8799BF230C6184005C4367 /* NowPlayingView.xib in Resources */ = {isa = PBXBuildFile; fileRef = 1F8799BE230C6184005C4367 /* NowPlayingView.xib */; };
		1F8799C1230C61A2005C4367 /* NowPlayingView.swift in Sources */ = {isa = PBXBuildFile; fileRef = 1F8799C0230C61A2005C4367 /* NowPlayingView.swift */; };
		1F8799C4230C68DB005C4367 /* ErrorView.xib in Resources */ = {isa = PBXBuildFile; fileRef = 1F8799C3230C68DB005C4367 /* ErrorView.xib */; };
		1F8799C6230C68EF005C4367 /* ErrorView.swift in Sources */ = {isa = PBXBuildFile; fileRef = 1F8799C5230C68EF005C4367 /* ErrorView.swift */; };
		1F96AB392305EFDB00D43605 /* API.swift in Sources */ = {isa = PBXBuildFile; fileRef = 1F96AB382305EFDB00D43605 /* API.swift */; };
		1F96AB3B2305F04400D43605 /* CodableExtension.swift in Sources */ = {isa = PBXBuildFile; fileRef = 1F96AB3A2305F04400D43605 /* CodableExtension.swift */; };
		1F96AB3D2305F0B500D43605 /* Tools.swift in Sources */ = {isa = PBXBuildFile; fileRef = 1F96AB3C2305F0B500D43605 /* Tools.swift */; };
		1F9DC3E723071D86009A79D8 /* MovieImageView.xib in Resources */ = {isa = PBXBuildFile; fileRef = 1F9DC3E623071D86009A79D8 /* MovieImageView.xib */; };
		1F9DC3E923071DB6009A79D8 /* MovieImageView.swift in Sources */ = {isa = PBXBuildFile; fileRef = 1F9DC3E823071DB6009A79D8 /* MovieImageView.swift */; };
		1FA7EE07230743F000BF90C2 /* StarView.xib in Resources */ = {isa = PBXBuildFile; fileRef = 1FA7EE06230743F000BF90C2 /* StarView.xib */; };
		1FA7EE092307440700BF90C2 /* StarView.swift in Sources */ = {isa = PBXBuildFile; fileRef = 1FA7EE082307440700BF90C2 /* StarView.swift */; };
		9F996F3E2D5C2CE78E207553 /* Pods_RESwiftChallenge.framework in Frameworks */ = {isa = PBXBuildFile; fileRef = F82C7477D26DAA9AE5EF7F3F /* Pods_RESwiftChallenge.framework */; };
/* End PBXBuildFile section */

/* Begin PBXContainerItemProxy section */
		1F6262FE2304830600CE5E70 /* PBXContainerItemProxy */ = {
			isa = PBXContainerItemProxy;
			containerPortal = 1F6262DE2304830400CE5E70 /* Project object */;
			proxyType = 1;
			remoteGlobalIDString = 1F6262E52304830400CE5E70;
			remoteInfo = RESwiftChallenge;
		};
		1F6263092304830600CE5E70 /* PBXContainerItemProxy */ = {
			isa = PBXContainerItemProxy;
			containerPortal = 1F6262DE2304830400CE5E70 /* Project object */;
			proxyType = 1;
			remoteGlobalIDString = 1F6262E52304830400CE5E70;
			remoteInfo = RESwiftChallenge;
		};
/* End PBXContainerItemProxy section */

/* Begin PBXFileReference section */
		192A9241230B2D0100086FB8 /* SetPopularMoviesFailedAction.swift */ = {isa = PBXFileReference; lastKnownFileType = sourcecode.swift; name = SetPopularMoviesFailedAction.swift; path = RESwiftChallenge/Reducers/SetPopularMoviesFailedAction.swift; sourceTree = SOURCE_ROOT; };
		19347A9D23073119007E36CD /* PopularMovieTableViewCell.swift */ = {isa = PBXFileReference; lastKnownFileType = sourcecode.swift; path = PopularMovieTableViewCell.swift; sourceTree = "<group>"; };
		19347A9E23073119007E36CD /* PopularMovieTableViewCell.xib */ = {isa = PBXFileReference; lastKnownFileType = file.xib; path = PopularMovieTableViewCell.xib; sourceTree = "<group>"; };
		19347AA123073553007E36CD /* PopularMoviesView.xib */ = {isa = PBXFileReference; lastKnownFileType = file.xib; path = PopularMoviesView.xib; sourceTree = "<group>"; };
		19347AA3230735B1007E36CD /* PopularMoviesView.swift */ = {isa = PBXFileReference; lastKnownFileType = sourcecode.swift; path = PopularMoviesView.swift; sourceTree = "<group>"; };
		19347AA523073E01007E36CD /* PopularMoviesState.swift */ = {isa = PBXFileReference; lastKnownFileType = sourcecode.swift; path = PopularMoviesState.swift; sourceTree = "<group>"; };
		19347AA723073E36007E36CD /* PopularMoviesReducer.swift */ = {isa = PBXFileReference; lastKnownFileType = sourcecode.swift; path = PopularMoviesReducer.swift; sourceTree = "<group>"; };
		193F1B05230C615B00DE5FCF /* Main.storyboard */ = {isa = PBXFileReference; lastKnownFileType = file.storyboard; path = Main.storyboard; sourceTree = "<group>"; };
		193F1B07230C61CA00DE5FCF /* Launchboard.storyboard */ = {isa = PBXFileReference; lastKnownFileType = file.storyboard; path = Launchboard.storyboard; sourceTree = "<group>"; };
		193F1B09230C847900DE5FCF /* NowPlayingMoviesReducer.swift */ = {isa = PBXFileReference; lastKnownFileType = sourcecode.swift; path = NowPlayingMoviesReducer.swift; sourceTree = "<group>"; };
		193F1B0B230C856B00DE5FCF /* NowPlayingMoviesState.swift */ = {isa = PBXFileReference; lastKnownFileType = sourcecode.swift; path = NowPlayingMoviesState.swift; sourceTree = "<group>"; };
		193F1B0D230C859100DE5FCF /* FetchNowPlayingMoviesAction.swift */ = {isa = PBXFileReference; lastKnownFileType = sourcecode.swift; name = FetchNowPlayingMoviesAction.swift; path = RESwiftChallenge/State/FetchNowPlayingMoviesAction.swift; sourceTree = SOURCE_ROOT; };
		193F1B0F230C85DC00DE5FCF /* SetNowPlayingMoviesAction.swift */ = {isa = PBXFileReference; lastKnownFileType = sourcecode.swift; name = SetNowPlayingMoviesAction.swift; path = RESwiftChallenge/State/SetNowPlayingMoviesAction.swift; sourceTree = SOURCE_ROOT; };
		193F1B11230C860100DE5FCF /* SetNowPlayingMoviesFailedAction.swift */ = {isa = PBXFileReference; lastKnownFileType = sourcecode.swift; name = SetNowPlayingMoviesFailedAction.swift; path = RESwiftChallenge/State/SetNowPlayingMoviesFailedAction.swift; sourceTree = SOURCE_ROOT; };
		193F1B13230C874E00DE5FCF /* NowPlayingTableViewCell.swift */ = {isa = PBXFileReference; lastKnownFileType = sourcecode.swift; path = NowPlayingTableViewCell.swift; sourceTree = "<group>"; };
		193F1B17230C879600DE5FCF /* NowPlayingTableViewCell.xib */ = {isa = PBXFileReference; lastKnownFileType = file.xib; path = NowPlayingTableViewCell.xib; sourceTree = "<group>"; };
		19B5E0372307402200E86CCA /* TableDataSource.swift */ = {isa = PBXFileReference; fileEncoding = 4; lastKnownFileType = sourcecode.swift; path = TableDataSource.swift; sourceTree = "<group>"; };
		19B5E0382307402200E86CCA /* CollectionDataSource.swift */ = {isa = PBXFileReference; fileEncoding = 4; lastKnownFileType = sourcecode.swift; path = CollectionDataSource.swift; sourceTree = "<group>"; };
		19B5E03B230744F400E86CCA /* FetchPopularMoviesAction.swift */ = {isa = PBXFileReference; lastKnownFileType = sourcecode.swift; name = FetchPopularMoviesAction.swift; path = RESwiftChallenge/Reducers/FetchPopularMoviesAction.swift; sourceTree = SOURCE_ROOT; };
		19B5E03D2307451B00E86CCA /* SetPopularMoviesAction.swift */ = {isa = PBXFileReference; lastKnownFileType = sourcecode.swift; name = SetPopularMoviesAction.swift; path = RESwiftChallenge/Reducers/SetPopularMoviesAction.swift; sourceTree = SOURCE_ROOT; };
		19D4172823049A2600D91A18 /* AppReducer.swift */ = {isa = PBXFileReference; lastKnownFileType = sourcecode.swift; path = AppReducer.swift; sourceTree = "<group>"; };
		19D4172C23049D4D00D91A18 /* AppState.swift */ = {isa = PBXFileReference; lastKnownFileType = sourcecode.swift; path = AppState.swift; sourceTree = "<group>"; };
		19FF3E8E2305EB9600B31285 /* AppRouter.swift */ = {isa = PBXFileReference; lastKnownFileType = sourcecode.swift; path = AppRouter.swift; sourceTree = "<group>"; };
		19FF3E902305EC2700B31285 /* RoutingState.swift */ = {isa = PBXFileReference; lastKnownFileType = sourcecode.swift; path = RoutingState.swift; sourceTree = "<group>"; };
		19FF3E922305ECDB00B31285 /* RoutingReducer.swift */ = {isa = PBXFileReference; lastKnownFileType = sourcecode.swift; path = RoutingReducer.swift; sourceTree = "<group>"; };
		1F521AF32304A4A8002D678B /* AppAction.swift */ = {isa = PBXFileReference; lastKnownFileType = sourcecode.swift; path = AppAction.swift; sourceTree = SOURCE_ROOT; };
		1F6262E62304830400CE5E70 /* RESwiftChallenge.app */ = {isa = PBXFileReference; explicitFileType = wrapper.application; includeInIndex = 0; path = RESwiftChallenge.app; sourceTree = BUILT_PRODUCTS_DIR; };
		1F6262E92304830400CE5E70 /* AppDelegate.swift */ = {isa = PBXFileReference; lastKnownFileType = sourcecode.swift; path = AppDelegate.swift; sourceTree = "<group>"; };
		1F6262EB2304830400CE5E70 /* ListViewController.swift */ = {isa = PBXFileReference; lastKnownFileType = sourcecode.swift; path = ListViewController.swift; sourceTree = "<group>"; };
		1F6262F12304830400CE5E70 /* RESwiftChallenge.xcdatamodel */ = {isa = PBXFileReference; lastKnownFileType = wrapper.xcdatamodel; path = RESwiftChallenge.xcdatamodel; sourceTree = "<group>"; };
		1F6262F32304830500CE5E70 /* Assets.xcassets */ = {isa = PBXFileReference; lastKnownFileType = folder.assetcatalog; path = Assets.xcassets; sourceTree = "<group>"; };
		1F6262F82304830500CE5E70 /* Info.plist */ = {isa = PBXFileReference; lastKnownFileType = text.plist.xml; path = Info.plist; sourceTree = "<group>"; };
		1F6262FD2304830600CE5E70 /* RESwiftChallengeTests.xctest */ = {isa = PBXFileReference; explicitFileType = wrapper.cfbundle; includeInIndex = 0; path = RESwiftChallengeTests.xctest; sourceTree = BUILT_PRODUCTS_DIR; };
		1F6263012304830600CE5E70 /* RESwiftChallengeTests.swift */ = {isa = PBXFileReference; lastKnownFileType = sourcecode.swift; path = RESwiftChallengeTests.swift; sourceTree = "<group>"; };
		1F6263032304830600CE5E70 /* Info.plist */ = {isa = PBXFileReference; lastKnownFileType = text.plist.xml; path = Info.plist; sourceTree = "<group>"; };
		1F6263082304830600CE5E70 /* RESwiftChallengeUITests.xctest */ = {isa = PBXFileReference; explicitFileType = wrapper.cfbundle; includeInIndex = 0; path = RESwiftChallengeUITests.xctest; sourceTree = BUILT_PRODUCTS_DIR; };
		1F62630C2304830600CE5E70 /* RESwiftChallengeUITests.swift */ = {isa = PBXFileReference; lastKnownFileType = sourcecode.swift; path = RESwiftChallengeUITests.swift; sourceTree = "<group>"; };
		1F62630E2304830600CE5E70 /* Info.plist */ = {isa = PBXFileReference; lastKnownFileType = text.plist.xml; path = Info.plist; sourceTree = "<group>"; };
		1F8799AD230B2990005C4367 /* Alamofire.framework */ = {isa = PBXFileReference; explicitFileType = wrapper.framework; path = Alamofire.framework; sourceTree = BUILT_PRODUCTS_DIR; };
		1F8799AF230B2997005C4367 /* Kingfisher.framework */ = {isa = PBXFileReference; explicitFileType = wrapper.framework; path = Kingfisher.framework; sourceTree = BUILT_PRODUCTS_DIR; };
		1F8799B6230B2CC7005C4367 /* Movie.swift */ = {isa = PBXFileReference; lastKnownFileType = sourcecode.swift; path = Movie.swift; sourceTree = "<group>"; };
		1F8799B9230B32E4005C4367 /* CardMovieVerticalView.xib */ = {isa = PBXFileReference; lastKnownFileType = file.xib; path = CardMovieVerticalView.xib; sourceTree = "<group>"; };
		1F8799BB230B32FF005C4367 /* CardMovieVerticalView.swift */ = {isa = PBXFileReference; lastKnownFileType = sourcecode.swift; path = CardMovieVerticalView.swift; sourceTree = "<group>"; };
		1F8799BE230C6184005C4367 /* NowPlayingView.xib */ = {isa = PBXFileReference; lastKnownFileType = file.xib; path = NowPlayingView.xib; sourceTree = "<group>"; };
		1F8799C0230C61A2005C4367 /* NowPlayingView.swift */ = {isa = PBXFileReference; lastKnownFileType = sourcecode.swift; path = NowPlayingView.swift; sourceTree = "<group>"; };
		1F8799C3230C68DB005C4367 /* ErrorView.xib */ = {isa = PBXFileReference; lastKnownFileType = file.xib; path = ErrorView.xib; sourceTree = "<group>"; };
		1F8799C5230C68EF005C4367 /* ErrorView.swift */ = {isa = PBXFileReference; lastKnownFileType = sourcecode.swift; path = ErrorView.swift; sourceTree = "<group>"; };
		1F96AB382305EFDB00D43605 /* API.swift */ = {isa = PBXFileReference; lastKnownFileType = sourcecode.swift; path = API.swift; sourceTree = "<group>"; };
		1F96AB3A2305F04400D43605 /* CodableExtension.swift */ = {isa = PBXFileReference; lastKnownFileType = sourcecode.swift; path = CodableExtension.swift; sourceTree = "<group>"; };
		1F96AB3C2305F0B500D43605 /* Tools.swift */ = {isa = PBXFileReference; lastKnownFileType = sourcecode.swift; path = Tools.swift; sourceTree = "<group>"; };
		1F9DC3E623071D86009A79D8 /* MovieImageView.xib */ = {isa = PBXFileReference; lastKnownFileType = file.xib; path = MovieImageView.xib; sourceTree = "<group>"; };
		1F9DC3E823071DB6009A79D8 /* MovieImageView.swift */ = {isa = PBXFileReference; lastKnownFileType = sourcecode.swift; path = MovieImageView.swift; sourceTree = "<group>"; };
		1FA7EE06230743F000BF90C2 /* StarView.xib */ = {isa = PBXFileReference; lastKnownFileType = file.xib; path = StarView.xib; sourceTree = "<group>"; };
		1FA7EE082307440700BF90C2 /* StarView.swift */ = {isa = PBXFileReference; lastKnownFileType = sourcecode.swift; path = StarView.swift; sourceTree = "<group>"; };
		5070C31C7698AE6C3D66C949 /* Pods-RESwiftChallenge.release.xcconfig */ = {isa = PBXFileReference; includeInIndex = 1; lastKnownFileType = text.xcconfig; name = "Pods-RESwiftChallenge.release.xcconfig"; path = "Target Support Files/Pods-RESwiftChallenge/Pods-RESwiftChallenge.release.xcconfig"; sourceTree = "<group>"; };
		8683A5FD498568B9D0AC30C3 /* Pods-RESwiftChallenge.debug.xcconfig */ = {isa = PBXFileReference; includeInIndex = 1; lastKnownFileType = text.xcconfig; name = "Pods-RESwiftChallenge.debug.xcconfig"; path = "Target Support Files/Pods-RESwiftChallenge/Pods-RESwiftChallenge.debug.xcconfig"; sourceTree = "<group>"; };
		F82C7477D26DAA9AE5EF7F3F /* Pods_RESwiftChallenge.framework */ = {isa = PBXFileReference; explicitFileType = wrapper.framework; includeInIndex = 0; path = Pods_RESwiftChallenge.framework; sourceTree = BUILT_PRODUCTS_DIR; };
/* End PBXFileReference section */

/* Begin PBXFrameworksBuildPhase section */
		1F6262E32304830400CE5E70 /* Frameworks */ = {
			isa = PBXFrameworksBuildPhase;
			buildActionMask = 2147483647;
			files = (
				9F996F3E2D5C2CE78E207553 /* Pods_RESwiftChallenge.framework in Frameworks */,
			);
			runOnlyForDeploymentPostprocessing = 0;
		};
		1F6262FA2304830600CE5E70 /* Frameworks */ = {
			isa = PBXFrameworksBuildPhase;
			buildActionMask = 2147483647;
			files = (
			);
			runOnlyForDeploymentPostprocessing = 0;
		};
		1F6263052304830600CE5E70 /* Frameworks */ = {
			isa = PBXFrameworksBuildPhase;
			buildActionMask = 2147483647;
			files = (
			);
			runOnlyForDeploymentPostprocessing = 0;
		};
/* End PBXFrameworksBuildPhase section */

/* Begin PBXGroup section */
		1955B54C23071ABC003BBD9B /* Views */ = {
			isa = PBXGroup;
			children = (
				19347A9D23073119007E36CD /* PopularMovieTableViewCell.swift */,
				19347A9E23073119007E36CD /* PopularMovieTableViewCell.xib */,
				19347AA123073553007E36CD /* PopularMoviesView.xib */,
				19347AA3230735B1007E36CD /* PopularMoviesView.swift */,
				193F1B05230C615B00DE5FCF /* Main.storyboard */,
				193F1B07230C61CA00DE5FCF /* Launchboard.storyboard */,
			);
			path = Views;
			sourceTree = "<group>";
		};
		19B5E0362307400F00E86CCA /* DataSource */ = {
			isa = PBXGroup;
			children = (
				19B5E0382307402200E86CCA /* CollectionDataSource.swift */,
				19B5E0372307402200E86CCA /* TableDataSource.swift */,
			);
			path = DataSource;
			sourceTree = "<group>";
		};
		19D4172A23049CA800D91A18 /* Reducers */ = {
			isa = PBXGroup;
			children = (
				19D4172823049A2600D91A18 /* AppReducer.swift */,
				19FF3E922305ECDB00B31285 /* RoutingReducer.swift */,
				19347AA723073E36007E36CD /* PopularMoviesReducer.swift */,
				193F1B09230C847900DE5FCF /* NowPlayingMoviesReducer.swift */,
			);
			path = Reducers;
			sourceTree = "<group>";
		};
		19D4172B23049D4100D91A18 /* State */ = {
			isa = PBXGroup;
			children = (
				19D4172C23049D4D00D91A18 /* AppState.swift */,
				19FF3E902305EC2700B31285 /* RoutingState.swift */,
				19347AA523073E01007E36CD /* PopularMoviesState.swift */,
				193F1B0B230C856B00DE5FCF /* NowPlayingMoviesState.swift */,
			);
			path = State;
			sourceTree = "<group>";
		};
		19D4172E23049D9D00D91A18 /* Actions */ = {
			isa = PBXGroup;
			children = (
				1F521AF32304A4A8002D678B /* AppAction.swift */,
				19B5E03B230744F400E86CCA /* FetchPopularMoviesAction.swift */,
				19B5E03D2307451B00E86CCA /* SetPopularMoviesAction.swift */,
				192A9241230B2D0100086FB8 /* SetPopularMoviesFailedAction.swift */,
				193F1B0D230C859100DE5FCF /* FetchNowPlayingMoviesAction.swift */,
				193F1B0F230C85DC00DE5FCF /* SetNowPlayingMoviesAction.swift */,
				193F1B11230C860100DE5FCF /* SetNowPlayingMoviesFailedAction.swift */,
			);
			path = Actions;
			sourceTree = "<group>";
		};
		1D44C4C268C5905272A3F201 /* Frameworks */ = {
			isa = PBXGroup;
			children = (
				1F8799AF230B2997005C4367 /* Kingfisher.framework */,
				1F8799AD230B2990005C4367 /* Alamofire.framework */,
				F82C7477D26DAA9AE5EF7F3F /* Pods_RESwiftChallenge.framework */,
			);
			name = Frameworks;
			sourceTree = "<group>";
		};
		1F6262DD2304830400CE5E70 = {
			isa = PBXGroup;
			children = (
				1F6262E82304830400CE5E70 /* RESwiftChallenge */,
				1F6263002304830600CE5E70 /* RESwiftChallengeTests */,
				1F62630B2304830600CE5E70 /* RESwiftChallengeUITests */,
				1F6262E72304830400CE5E70 /* Products */,
				DCAAC5CB853E0C5E50F0E130 /* Pods */,
				1D44C4C268C5905272A3F201 /* Frameworks */,
			);
			sourceTree = "<group>";
		};
		1F6262E72304830400CE5E70 /* Products */ = {
			isa = PBXGroup;
			children = (
				1F6262E62304830400CE5E70 /* RESwiftChallenge.app */,
				1F6262FD2304830600CE5E70 /* RESwiftChallengeTests.xctest */,
				1F6263082304830600CE5E70 /* RESwiftChallengeUITests.xctest */,
			);
			name = Products;
			sourceTree = "<group>";
		};
		1F6262E82304830400CE5E70 /* RESwiftChallenge */ = {
			isa = PBXGroup;
			children = (
				19B5E0362307400F00E86CCA /* DataSource */,
				1955B54C23071ABC003BBD9B /* Views */,
				1F8799B5230B2CAA005C4367 /* Models */,
				1F9DC3E423071CF3009A79D8 /* Xibs */,
				1F96AB372305EFC500D43605 /* Utils */,
				19D4172E23049D9D00D91A18 /* Actions */,
				19D4172B23049D4100D91A18 /* State */,
				19D4172A23049CA800D91A18 /* Reducers */,
				1F6262E92304830400CE5E70 /* AppDelegate.swift */,
				19FF3E8E2305EB9600B31285 /* AppRouter.swift */,
				1F6262EB2304830400CE5E70 /* ListViewController.swift */,
				1F6262F32304830500CE5E70 /* Assets.xcassets */,
				1F6262F82304830500CE5E70 /* Info.plist */,
				1F6262F02304830400CE5E70 /* RESwiftChallenge.xcdatamodeld */,
			);
			path = RESwiftChallenge;
			sourceTree = "<group>";
		};
		1F6263002304830600CE5E70 /* RESwiftChallengeTests */ = {
			isa = PBXGroup;
			children = (
				1F6263012304830600CE5E70 /* RESwiftChallengeTests.swift */,
				1F6263032304830600CE5E70 /* Info.plist */,
			);
			path = RESwiftChallengeTests;
			sourceTree = "<group>";
		};
		1F62630B2304830600CE5E70 /* RESwiftChallengeUITests */ = {
			isa = PBXGroup;
			children = (
				1F62630C2304830600CE5E70 /* RESwiftChallengeUITests.swift */,
				1F62630E2304830600CE5E70 /* Info.plist */,
			);
			path = RESwiftChallengeUITests;
			sourceTree = "<group>";
		};
		1F8799B5230B2CAA005C4367 /* Models */ = {
			isa = PBXGroup;
			children = (
				1F8799B6230B2CC7005C4367 /* Movie.swift */,
			);
			path = Models;
			sourceTree = "<group>";
		};
		1F8799B8230B32C5005C4367 /* CardMovieVertical */ = {
			isa = PBXGroup;
			children = (
				1F8799B9230B32E4005C4367 /* CardMovieVerticalView.xib */,
				1F8799BB230B32FF005C4367 /* CardMovieVerticalView.swift */,
			);
			path = CardMovieVertical;
			sourceTree = "<group>";
		};
		1F8799BD230C6103005C4367 /* NowPlaying */ = {
			isa = PBXGroup;
			children = (
				1F8799BE230C6184005C4367 /* NowPlayingView.xib */,
				1F8799C0230C61A2005C4367 /* NowPlayingView.swift */,
				193F1B13230C874E00DE5FCF /* NowPlayingTableViewCell.swift */,
				193F1B17230C879600DE5FCF /* NowPlayingTableViewCell.xib */,
			);
			path = NowPlaying;
			sourceTree = "<group>";
		};
		1F8799C2230C68A8005C4367 /* Error */ = {
			isa = PBXGroup;
			children = (
				1F8799C3230C68DB005C4367 /* ErrorView.xib */,
				1F8799C5230C68EF005C4367 /* ErrorView.swift */,
			);
			path = Error;
			sourceTree = "<group>";
		};
		1F96AB372305EFC500D43605 /* Utils */ = {
			isa = PBXGroup;
			children = (
				1F96AB382305EFDB00D43605 /* API.swift */,
				1F96AB3A2305F04400D43605 /* CodableExtension.swift */,
				1F96AB3C2305F0B500D43605 /* Tools.swift */,
			);
			path = Utils;
			sourceTree = "<group>";
		};
		1F9DC3E423071CF3009A79D8 /* Xibs */ = {
			isa = PBXGroup;
			children = (
				1F8799C2230C68A8005C4367 /* Error */,
				1F8799BD230C6103005C4367 /* NowPlaying */,
				1F8799B8230B32C5005C4367 /* CardMovieVertical */,
				1FA7EE05230743D500BF90C2 /* Star */,
				1F9DC3E523071D09009A79D8 /* MovieImage */,
			);
			path = Xibs;
			sourceTree = "<group>";
		};
		1F9DC3E523071D09009A79D8 /* MovieImage */ = {
			isa = PBXGroup;
			children = (
				1F9DC3E623071D86009A79D8 /* MovieImageView.xib */,
				1F9DC3E823071DB6009A79D8 /* MovieImageView.swift */,
			);
			path = MovieImage;
			sourceTree = "<group>";
		};
		1FA7EE05230743D500BF90C2 /* Star */ = {
			isa = PBXGroup;
			children = (
				1FA7EE06230743F000BF90C2 /* StarView.xib */,
				1FA7EE082307440700BF90C2 /* StarView.swift */,
			);
			path = Star;
			sourceTree = "<group>";
		};
		DCAAC5CB853E0C5E50F0E130 /* Pods */ = {
			isa = PBXGroup;
			children = (
				8683A5FD498568B9D0AC30C3 /* Pods-RESwiftChallenge.debug.xcconfig */,
				5070C31C7698AE6C3D66C949 /* Pods-RESwiftChallenge.release.xcconfig */,
			);
			path = Pods;
			sourceTree = "<group>";
		};
/* End PBXGroup section */

/* Begin PBXNativeTarget section */
		1F6262E52304830400CE5E70 /* RESwiftChallenge */ = {
			isa = PBXNativeTarget;
			buildConfigurationList = 1F6263112304830600CE5E70 /* Build configuration list for PBXNativeTarget "RESwiftChallenge" */;
			buildPhases = (
				816DC89CF78D807936F2C2D9 /* [CP] Check Pods Manifest.lock */,
				1F6262E22304830400CE5E70 /* Sources */,
				1F6262E32304830400CE5E70 /* Frameworks */,
				1F6262E42304830400CE5E70 /* Resources */,
				315C282CB76739444648996A /* [CP] Embed Pods Frameworks */,
			);
			buildRules = (
			);
			dependencies = (
			);
			name = RESwiftChallenge;
			productName = RESwiftChallenge;
			productReference = 1F6262E62304830400CE5E70 /* RESwiftChallenge.app */;
			productType = "com.apple.product-type.application";
		};
		1F6262FC2304830600CE5E70 /* RESwiftChallengeTests */ = {
			isa = PBXNativeTarget;
			buildConfigurationList = 1F6263142304830600CE5E70 /* Build configuration list for PBXNativeTarget "RESwiftChallengeTests" */;
			buildPhases = (
				1F6262F92304830600CE5E70 /* Sources */,
				1F6262FA2304830600CE5E70 /* Frameworks */,
				1F6262FB2304830600CE5E70 /* Resources */,
			);
			buildRules = (
			);
			dependencies = (
				1F6262FF2304830600CE5E70 /* PBXTargetDependency */,
			);
			name = RESwiftChallengeTests;
			productName = RESwiftChallengeTests;
			productReference = 1F6262FD2304830600CE5E70 /* RESwiftChallengeTests.xctest */;
			productType = "com.apple.product-type.bundle.unit-test";
		};
		1F6263072304830600CE5E70 /* RESwiftChallengeUITests */ = {
			isa = PBXNativeTarget;
			buildConfigurationList = 1F6263172304830600CE5E70 /* Build configuration list for PBXNativeTarget "RESwiftChallengeUITests" */;
			buildPhases = (
				1F6263042304830600CE5E70 /* Sources */,
				1F6263052304830600CE5E70 /* Frameworks */,
				1F6263062304830600CE5E70 /* Resources */,
			);
			buildRules = (
			);
			dependencies = (
				1F62630A2304830600CE5E70 /* PBXTargetDependency */,
			);
			name = RESwiftChallengeUITests;
			productName = RESwiftChallengeUITests;
			productReference = 1F6263082304830600CE5E70 /* RESwiftChallengeUITests.xctest */;
			productType = "com.apple.product-type.bundle.ui-testing";
		};
/* End PBXNativeTarget section */

/* Begin PBXProject section */
		1F6262DE2304830400CE5E70 /* Project object */ = {
			isa = PBXProject;
			attributes = {
				LastSwiftUpdateCheck = 1030;
				LastUpgradeCheck = 1030;
				ORGANIZATIONNAME = LeonardoBSR;
				TargetAttributes = {
					1F6262E52304830400CE5E70 = {
						CreatedOnToolsVersion = 10.3;
					};
					1F6262FC2304830600CE5E70 = {
						CreatedOnToolsVersion = 10.3;
						TestTargetID = 1F6262E52304830400CE5E70;
					};
					1F6263072304830600CE5E70 = {
						CreatedOnToolsVersion = 10.3;
						TestTargetID = 1F6262E52304830400CE5E70;
					};
				};
			};
			buildConfigurationList = 1F6262E12304830400CE5E70 /* Build configuration list for PBXProject "RESwiftChallenge" */;
			compatibilityVersion = "Xcode 9.3";
			developmentRegion = en;
			hasScannedForEncodings = 0;
			knownRegions = (
				en,
				Base,
			);
			mainGroup = 1F6262DD2304830400CE5E70;
			productRefGroup = 1F6262E72304830400CE5E70 /* Products */;
			projectDirPath = "";
			projectRoot = "";
			targets = (
				1F6262E52304830400CE5E70 /* RESwiftChallenge */,
				1F6262FC2304830600CE5E70 /* RESwiftChallengeTests */,
				1F6263072304830600CE5E70 /* RESwiftChallengeUITests */,
			);
		};
/* End PBXProject section */

/* Begin PBXResourcesBuildPhase section */
		1F6262E42304830400CE5E70 /* Resources */ = {
			isa = PBXResourcesBuildPhase;
			buildActionMask = 2147483647;
			files = (
				193F1B08230C61CA00DE5FCF /* Launchboard.storyboard in Resources */,
				19347AA023073119007E36CD /* PopularMovieTableViewCell.xib in Resources */,
				193F1B06230C615B00DE5FCF /* Main.storyboard in Resources */,
				1FA7EE07230743F000BF90C2 /* StarView.xib in Resources */,
				1F8799BF230C6184005C4367 /* NowPlayingView.xib in Resources */,
				193F1B18230C879600DE5FCF /* NowPlayingTableViewCell.xib in Resources */,
				1F8799C4230C68DB005C4367 /* ErrorView.xib in Resources */,
				1F9DC3E723071D86009A79D8 /* MovieImageView.xib in Resources */,
				1F8799BA230B32E4005C4367 /* CardMovieVerticalView.xib in Resources */,
				1F6262F42304830500CE5E70 /* Assets.xcassets in Resources */,
				19347AA223073553007E36CD /* PopularMoviesView.xib in Resources */,
			);
			runOnlyForDeploymentPostprocessing = 0;
		};
		1F6262FB2304830600CE5E70 /* Resources */ = {
			isa = PBXResourcesBuildPhase;
			buildActionMask = 2147483647;
			files = (
			);
			runOnlyForDeploymentPostprocessing = 0;
		};
		1F6263062304830600CE5E70 /* Resources */ = {
			isa = PBXResourcesBuildPhase;
			buildActionMask = 2147483647;
			files = (
			);
			runOnlyForDeploymentPostprocessing = 0;
		};
/* End PBXResourcesBuildPhase section */

/* Begin PBXShellScriptBuildPhase section */
		315C282CB76739444648996A /* [CP] Embed Pods Frameworks */ = {
			isa = PBXShellScriptBuildPhase;
			buildActionMask = 2147483647;
			files = (
			);
			inputFileListPaths = (
				"${PODS_ROOT}/Target Support Files/Pods-RESwiftChallenge/Pods-RESwiftChallenge-frameworks-${CONFIGURATION}-input-files.xcfilelist",
			);
			name = "[CP] Embed Pods Frameworks";
			outputFileListPaths = (
				"${PODS_ROOT}/Target Support Files/Pods-RESwiftChallenge/Pods-RESwiftChallenge-frameworks-${CONFIGURATION}-output-files.xcfilelist",
			);
			runOnlyForDeploymentPostprocessing = 0;
			shellPath = /bin/sh;
			shellScript = "\"${PODS_ROOT}/Target Support Files/Pods-RESwiftChallenge/Pods-RESwiftChallenge-frameworks.sh\"\n";
			showEnvVarsInLog = 0;
		};
		816DC89CF78D807936F2C2D9 /* [CP] Check Pods Manifest.lock */ = {
			isa = PBXShellScriptBuildPhase;
			buildActionMask = 2147483647;
			files = (
			);
			inputFileListPaths = (
			);
			inputPaths = (
				"${PODS_PODFILE_DIR_PATH}/Podfile.lock",
				"${PODS_ROOT}/Manifest.lock",
			);
			name = "[CP] Check Pods Manifest.lock";
			outputFileListPaths = (
			);
			outputPaths = (
				"$(DERIVED_FILE_DIR)/Pods-RESwiftChallenge-checkManifestLockResult.txt",
			);
			runOnlyForDeploymentPostprocessing = 0;
			shellPath = /bin/sh;
			shellScript = "diff \"${PODS_PODFILE_DIR_PATH}/Podfile.lock\" \"${PODS_ROOT}/Manifest.lock\" > /dev/null\nif [ $? != 0 ] ; then\n    # print error to STDERR\n    echo \"error: The sandbox is not in sync with the Podfile.lock. Run 'pod install' or update your CocoaPods installation.\" >&2\n    exit 1\nfi\n# This output is used by Xcode 'outputs' to avoid re-running this script phase.\necho \"SUCCESS\" > \"${SCRIPT_OUTPUT_FILE_0}\"\n";
			showEnvVarsInLog = 0;
		};
/* End PBXShellScriptBuildPhase section */

/* Begin PBXSourcesBuildPhase section */
		1F6262E22304830400CE5E70 /* Sources */ = {
			isa = PBXSourcesBuildPhase;
			buildActionMask = 2147483647;
			files = (
				1F8799C1230C61A2005C4367 /* NowPlayingView.swift in Sources */,
				1F6262EC2304830400CE5E70 /* ListViewController.swift in Sources */,
				1F8799C6230C68EF005C4367 /* ErrorView.swift in Sources */,
				1F9DC3E923071DB6009A79D8 /* MovieImageView.swift in Sources */,
				193F1B0A230C847900DE5FCF /* NowPlayingMoviesReducer.swift in Sources */,
				1F96AB3B2305F04400D43605 /* CodableExtension.swift in Sources */,
				1F6262EC2304830400CE5E70 /* ListViewController.swift in Sources */,
				193F1B14230C874E00DE5FCF /* NowPlayingTableViewCell.swift in Sources */,
				193F1B0E230C859100DE5FCF /* FetchNowPlayingMoviesAction.swift in Sources */,
				1F521AF42304A4A8002D678B /* AppAction.swift in Sources */,
				19347AA4230735B1007E36CD /* PopularMoviesView.swift in Sources */,
				19D4172D23049D4D00D91A18 /* AppState.swift in Sources */,
				1F8799B7230B2CC7005C4367 /* Movie.swift in Sources */,
				1F6262EA2304830400CE5E70 /* AppDelegate.swift in Sources */,
				19B5E03E2307451B00E86CCA /* SetPopularMoviesAction.swift in Sources */,
				19FF3E8F2305EB9600B31285 /* AppRouter.swift in Sources */,
				19D4172923049A2600D91A18 /* AppReducer.swift in Sources */,
				19B5E03C230744F400E86CCA /* FetchPopularMoviesAction.swift in Sources */,
				19B5E0392307402200E86CCA /* TableDataSource.swift in Sources */,
				192A9242230B2D0100086FB8 /* SetPopularMoviesFailedAction.swift in Sources */,
				19FF3E912305EC2700B31285 /* RoutingState.swift in Sources */,
				1FA7EE092307440700BF90C2 /* StarView.swift in Sources */,
				19FF3E932305ECDB00B31285 /* RoutingReducer.swift in Sources */,
				19347A9F23073119007E36CD /* PopularMovieTableViewCell.swift in Sources */,
				19347AA623073E01007E36CD /* PopularMoviesState.swift in Sources */,
				1F6262F22304830400CE5E70 /* RESwiftChallenge.xcdatamodeld in Sources */,
				193F1B12230C860100DE5FCF /* SetNowPlayingMoviesFailedAction.swift in Sources */,
				19347AA823073E36007E36CD /* PopularMoviesReducer.swift in Sources */,
				19B5E03A2307402200E86CCA /* CollectionDataSource.swift in Sources */,
				1F96AB3D2305F0B500D43605 /* Tools.swift in Sources */,
				1F8799BC230B32FF005C4367 /* CardMovieVerticalView.swift in Sources */,
				193F1B0C230C856B00DE5FCF /* NowPlayingMoviesState.swift in Sources */,
				1F96AB392305EFDB00D43605 /* API.swift in Sources */,
				193F1B10230C85DC00DE5FCF /* SetNowPlayingMoviesAction.swift in Sources */,
			);
			runOnlyForDeploymentPostprocessing = 0;
		};
		1F6262F92304830600CE5E70 /* Sources */ = {
			isa = PBXSourcesBuildPhase;
			buildActionMask = 2147483647;
			files = (
				1F6263022304830600CE5E70 /* RESwiftChallengeTests.swift in Sources */,
			);
			runOnlyForDeploymentPostprocessing = 0;
		};
		1F6263042304830600CE5E70 /* Sources */ = {
			isa = PBXSourcesBuildPhase;
			buildActionMask = 2147483647;
			files = (
				1F62630D2304830600CE5E70 /* RESwiftChallengeUITests.swift in Sources */,
			);
			runOnlyForDeploymentPostprocessing = 0;
		};
/* End PBXSourcesBuildPhase section */

/* Begin PBXTargetDependency section */
		1F6262FF2304830600CE5E70 /* PBXTargetDependency */ = {
			isa = PBXTargetDependency;
			target = 1F6262E52304830400CE5E70 /* RESwiftChallenge */;
			targetProxy = 1F6262FE2304830600CE5E70 /* PBXContainerItemProxy */;
		};
		1F62630A2304830600CE5E70 /* PBXTargetDependency */ = {
			isa = PBXTargetDependency;
			target = 1F6262E52304830400CE5E70 /* RESwiftChallenge */;
			targetProxy = 1F6263092304830600CE5E70 /* PBXContainerItemProxy */;
		};
/* End PBXTargetDependency section */

/* Begin XCBuildConfiguration section */
		1F62630F2304830600CE5E70 /* Debug */ = {
			isa = XCBuildConfiguration;
			buildSettings = {
				ALWAYS_SEARCH_USER_PATHS = NO;
				CLANG_ANALYZER_NONNULL = YES;
				CLANG_ANALYZER_NUMBER_OBJECT_CONVERSION = YES_AGGRESSIVE;
				CLANG_CXX_LANGUAGE_STANDARD = "gnu++14";
				CLANG_CXX_LIBRARY = "libc++";
				CLANG_ENABLE_MODULES = YES;
				CLANG_ENABLE_OBJC_ARC = YES;
				CLANG_ENABLE_OBJC_WEAK = YES;
				CLANG_WARN_BLOCK_CAPTURE_AUTORELEASING = YES;
				CLANG_WARN_BOOL_CONVERSION = YES;
				CLANG_WARN_COMMA = YES;
				CLANG_WARN_CONSTANT_CONVERSION = YES;
				CLANG_WARN_DEPRECATED_OBJC_IMPLEMENTATIONS = YES;
				CLANG_WARN_DIRECT_OBJC_ISA_USAGE = YES_ERROR;
				CLANG_WARN_DOCUMENTATION_COMMENTS = YES;
				CLANG_WARN_EMPTY_BODY = YES;
				CLANG_WARN_ENUM_CONVERSION = YES;
				CLANG_WARN_INFINITE_RECURSION = YES;
				CLANG_WARN_INT_CONVERSION = YES;
				CLANG_WARN_NON_LITERAL_NULL_CONVERSION = YES;
				CLANG_WARN_OBJC_IMPLICIT_RETAIN_SELF = YES;
				CLANG_WARN_OBJC_LITERAL_CONVERSION = YES;
				CLANG_WARN_OBJC_ROOT_CLASS = YES_ERROR;
				CLANG_WARN_RANGE_LOOP_ANALYSIS = YES;
				CLANG_WARN_STRICT_PROTOTYPES = YES;
				CLANG_WARN_SUSPICIOUS_MOVE = YES;
				CLANG_WARN_UNGUARDED_AVAILABILITY = YES_AGGRESSIVE;
				CLANG_WARN_UNREACHABLE_CODE = YES;
				CLANG_WARN__DUPLICATE_METHOD_MATCH = YES;
				CODE_SIGN_IDENTITY = "iPhone Developer";
				COPY_PHASE_STRIP = NO;
				DEBUG_INFORMATION_FORMAT = dwarf;
				ENABLE_STRICT_OBJC_MSGSEND = YES;
				ENABLE_TESTABILITY = YES;
				GCC_C_LANGUAGE_STANDARD = gnu11;
				GCC_DYNAMIC_NO_PIC = NO;
				GCC_NO_COMMON_BLOCKS = YES;
				GCC_OPTIMIZATION_LEVEL = 0;
				GCC_PREPROCESSOR_DEFINITIONS = (
					"DEBUG=1",
					"$(inherited)",
				);
				GCC_WARN_64_TO_32_BIT_CONVERSION = YES;
				GCC_WARN_ABOUT_RETURN_TYPE = YES_ERROR;
				GCC_WARN_UNDECLARED_SELECTOR = YES;
				GCC_WARN_UNINITIALIZED_AUTOS = YES_AGGRESSIVE;
				GCC_WARN_UNUSED_FUNCTION = YES;
				GCC_WARN_UNUSED_VARIABLE = YES;
				IPHONEOS_DEPLOYMENT_TARGET = 12.4;
				MTL_ENABLE_DEBUG_INFO = INCLUDE_SOURCE;
				MTL_FAST_MATH = YES;
				ONLY_ACTIVE_ARCH = YES;
				SDKROOT = iphoneos;
				SWIFT_ACTIVE_COMPILATION_CONDITIONS = DEBUG;
				SWIFT_OPTIMIZATION_LEVEL = "-Onone";
			};
			name = Debug;
		};
		1F6263102304830600CE5E70 /* Release */ = {
			isa = XCBuildConfiguration;
			buildSettings = {
				ALWAYS_SEARCH_USER_PATHS = NO;
				CLANG_ANALYZER_NONNULL = YES;
				CLANG_ANALYZER_NUMBER_OBJECT_CONVERSION = YES_AGGRESSIVE;
				CLANG_CXX_LANGUAGE_STANDARD = "gnu++14";
				CLANG_CXX_LIBRARY = "libc++";
				CLANG_ENABLE_MODULES = YES;
				CLANG_ENABLE_OBJC_ARC = YES;
				CLANG_ENABLE_OBJC_WEAK = YES;
				CLANG_WARN_BLOCK_CAPTURE_AUTORELEASING = YES;
				CLANG_WARN_BOOL_CONVERSION = YES;
				CLANG_WARN_COMMA = YES;
				CLANG_WARN_CONSTANT_CONVERSION = YES;
				CLANG_WARN_DEPRECATED_OBJC_IMPLEMENTATIONS = YES;
				CLANG_WARN_DIRECT_OBJC_ISA_USAGE = YES_ERROR;
				CLANG_WARN_DOCUMENTATION_COMMENTS = YES;
				CLANG_WARN_EMPTY_BODY = YES;
				CLANG_WARN_ENUM_CONVERSION = YES;
				CLANG_WARN_INFINITE_RECURSION = YES;
				CLANG_WARN_INT_CONVERSION = YES;
				CLANG_WARN_NON_LITERAL_NULL_CONVERSION = YES;
				CLANG_WARN_OBJC_IMPLICIT_RETAIN_SELF = YES;
				CLANG_WARN_OBJC_LITERAL_CONVERSION = YES;
				CLANG_WARN_OBJC_ROOT_CLASS = YES_ERROR;
				CLANG_WARN_RANGE_LOOP_ANALYSIS = YES;
				CLANG_WARN_STRICT_PROTOTYPES = YES;
				CLANG_WARN_SUSPICIOUS_MOVE = YES;
				CLANG_WARN_UNGUARDED_AVAILABILITY = YES_AGGRESSIVE;
				CLANG_WARN_UNREACHABLE_CODE = YES;
				CLANG_WARN__DUPLICATE_METHOD_MATCH = YES;
				CODE_SIGN_IDENTITY = "iPhone Developer";
				COPY_PHASE_STRIP = NO;
				DEBUG_INFORMATION_FORMAT = "dwarf-with-dsym";
				ENABLE_NS_ASSERTIONS = NO;
				ENABLE_STRICT_OBJC_MSGSEND = YES;
				GCC_C_LANGUAGE_STANDARD = gnu11;
				GCC_NO_COMMON_BLOCKS = YES;
				GCC_WARN_64_TO_32_BIT_CONVERSION = YES;
				GCC_WARN_ABOUT_RETURN_TYPE = YES_ERROR;
				GCC_WARN_UNDECLARED_SELECTOR = YES;
				GCC_WARN_UNINITIALIZED_AUTOS = YES_AGGRESSIVE;
				GCC_WARN_UNUSED_FUNCTION = YES;
				GCC_WARN_UNUSED_VARIABLE = YES;
				IPHONEOS_DEPLOYMENT_TARGET = 12.4;
				MTL_ENABLE_DEBUG_INFO = NO;
				MTL_FAST_MATH = YES;
				SDKROOT = iphoneos;
				SWIFT_COMPILATION_MODE = wholemodule;
				SWIFT_OPTIMIZATION_LEVEL = "-O";
				VALIDATE_PRODUCT = YES;
			};
			name = Release;
		};
		1F6263122304830600CE5E70 /* Debug */ = {
			isa = XCBuildConfiguration;
			baseConfigurationReference = 8683A5FD498568B9D0AC30C3 /* Pods-RESwiftChallenge.debug.xcconfig */;
			buildSettings = {
				ASSETCATALOG_COMPILER_APPICON_NAME = AppIcon;
				CODE_SIGN_STYLE = Automatic;
				DEVELOPMENT_TEAM = MC7C9J5LVA;
				INFOPLIST_FILE = RESwiftChallenge/Info.plist;
				IPHONEOS_DEPLOYMENT_TARGET = 10.0;
				LD_RUNPATH_SEARCH_PATHS = (
					"$(inherited)",
					"@executable_path/Frameworks",
				);
				PRODUCT_BUNDLE_IDENTIFIER = LeonardoBSR.RESwiftChallenge;
				PRODUCT_NAME = "$(TARGET_NAME)";
				SWIFT_VERSION = 5.0;
				TARGETED_DEVICE_FAMILY = "1,2";
			};
			name = Debug;
		};
		1F6263132304830600CE5E70 /* Release */ = {
			isa = XCBuildConfiguration;
			baseConfigurationReference = 5070C31C7698AE6C3D66C949 /* Pods-RESwiftChallenge.release.xcconfig */;
			buildSettings = {
				ASSETCATALOG_COMPILER_APPICON_NAME = AppIcon;
				CODE_SIGN_STYLE = Automatic;
				DEVELOPMENT_TEAM = MC7C9J5LVA;
				INFOPLIST_FILE = RESwiftChallenge/Info.plist;
				IPHONEOS_DEPLOYMENT_TARGET = 10.0;
				LD_RUNPATH_SEARCH_PATHS = (
					"$(inherited)",
					"@executable_path/Frameworks",
				);
				PRODUCT_BUNDLE_IDENTIFIER = LeonardoBSR.RESwiftChallenge;
				PRODUCT_NAME = "$(TARGET_NAME)";
				SWIFT_VERSION = 5.0;
				TARGETED_DEVICE_FAMILY = "1,2";
			};
			name = Release;
		};
		1F6263152304830600CE5E70 /* Debug */ = {
			isa = XCBuildConfiguration;
			buildSettings = {
				ALWAYS_EMBED_SWIFT_STANDARD_LIBRARIES = YES;
				BUNDLE_LOADER = "$(TEST_HOST)";
				CODE_SIGN_STYLE = Automatic;
				DEVELOPMENT_TEAM = MC7C9J5LVA;
				INFOPLIST_FILE = RESwiftChallengeTests/Info.plist;
				LD_RUNPATH_SEARCH_PATHS = (
					"$(inherited)",
					"@executable_path/Frameworks",
					"@loader_path/Frameworks",
				);
				PRODUCT_BUNDLE_IDENTIFIER = LeonardoBSR.RESwiftChallengeTests;
				PRODUCT_NAME = "$(TARGET_NAME)";
				SWIFT_VERSION = 5.0;
				TARGETED_DEVICE_FAMILY = "1,2";
				TEST_HOST = "$(BUILT_PRODUCTS_DIR)/RESwiftChallenge.app/RESwiftChallenge";
			};
			name = Debug;
		};
		1F6263162304830600CE5E70 /* Release */ = {
			isa = XCBuildConfiguration;
			buildSettings = {
				ALWAYS_EMBED_SWIFT_STANDARD_LIBRARIES = YES;
				BUNDLE_LOADER = "$(TEST_HOST)";
				CODE_SIGN_STYLE = Automatic;
				DEVELOPMENT_TEAM = MC7C9J5LVA;
				INFOPLIST_FILE = RESwiftChallengeTests/Info.plist;
				LD_RUNPATH_SEARCH_PATHS = (
					"$(inherited)",
					"@executable_path/Frameworks",
					"@loader_path/Frameworks",
				);
				PRODUCT_BUNDLE_IDENTIFIER = LeonardoBSR.RESwiftChallengeTests;
				PRODUCT_NAME = "$(TARGET_NAME)";
				SWIFT_VERSION = 5.0;
				TARGETED_DEVICE_FAMILY = "1,2";
				TEST_HOST = "$(BUILT_PRODUCTS_DIR)/RESwiftChallenge.app/RESwiftChallenge";
			};
			name = Release;
		};
		1F6263182304830600CE5E70 /* Debug */ = {
			isa = XCBuildConfiguration;
			buildSettings = {
				ALWAYS_EMBED_SWIFT_STANDARD_LIBRARIES = YES;
				CODE_SIGN_STYLE = Automatic;
				DEVELOPMENT_TEAM = MC7C9J5LVA;
				INFOPLIST_FILE = RESwiftChallengeUITests/Info.plist;
				LD_RUNPATH_SEARCH_PATHS = (
					"$(inherited)",
					"@executable_path/Frameworks",
					"@loader_path/Frameworks",
				);
				PRODUCT_BUNDLE_IDENTIFIER = LeonardoBSR.RESwiftChallengeUITests;
				PRODUCT_NAME = "$(TARGET_NAME)";
				SWIFT_VERSION = 5.0;
				TARGETED_DEVICE_FAMILY = "1,2";
				TEST_TARGET_NAME = RESwiftChallenge;
			};
			name = Debug;
		};
		1F6263192304830600CE5E70 /* Release */ = {
			isa = XCBuildConfiguration;
			buildSettings = {
				ALWAYS_EMBED_SWIFT_STANDARD_LIBRARIES = YES;
				CODE_SIGN_STYLE = Automatic;
				DEVELOPMENT_TEAM = MC7C9J5LVA;
				INFOPLIST_FILE = RESwiftChallengeUITests/Info.plist;
				LD_RUNPATH_SEARCH_PATHS = (
					"$(inherited)",
					"@executable_path/Frameworks",
					"@loader_path/Frameworks",
				);
				PRODUCT_BUNDLE_IDENTIFIER = LeonardoBSR.RESwiftChallengeUITests;
				PRODUCT_NAME = "$(TARGET_NAME)";
				SWIFT_VERSION = 5.0;
				TARGETED_DEVICE_FAMILY = "1,2";
				TEST_TARGET_NAME = RESwiftChallenge;
			};
			name = Release;
		};
/* End XCBuildConfiguration section */

/* Begin XCConfigurationList section */
		1F6262E12304830400CE5E70 /* Build configuration list for PBXProject "RESwiftChallenge" */ = {
			isa = XCConfigurationList;
			buildConfigurations = (
				1F62630F2304830600CE5E70 /* Debug */,
				1F6263102304830600CE5E70 /* Release */,
			);
			defaultConfigurationIsVisible = 0;
			defaultConfigurationName = Release;
		};
		1F6263112304830600CE5E70 /* Build configuration list for PBXNativeTarget "RESwiftChallenge" */ = {
			isa = XCConfigurationList;
			buildConfigurations = (
				1F6263122304830600CE5E70 /* Debug */,
				1F6263132304830600CE5E70 /* Release */,
			);
			defaultConfigurationIsVisible = 0;
			defaultConfigurationName = Release;
		};
		1F6263142304830600CE5E70 /* Build configuration list for PBXNativeTarget "RESwiftChallengeTests" */ = {
			isa = XCConfigurationList;
			buildConfigurations = (
				1F6263152304830600CE5E70 /* Debug */,
				1F6263162304830600CE5E70 /* Release */,
			);
			defaultConfigurationIsVisible = 0;
			defaultConfigurationName = Release;
		};
		1F6263172304830600CE5E70 /* Build configuration list for PBXNativeTarget "RESwiftChallengeUITests" */ = {
			isa = XCConfigurationList;
			buildConfigurations = (
				1F6263182304830600CE5E70 /* Debug */,
				1F6263192304830600CE5E70 /* Release */,
			);
			defaultConfigurationIsVisible = 0;
			defaultConfigurationName = Release;
		};
/* End XCConfigurationList section */

/* Begin XCVersionGroup section */
		1F6262F02304830400CE5E70 /* RESwiftChallenge.xcdatamodeld */ = {
			isa = XCVersionGroup;
			children = (
				1F6262F12304830400CE5E70 /* RESwiftChallenge.xcdatamodel */,
			);
			currentVersion = 1F6262F12304830400CE5E70 /* RESwiftChallenge.xcdatamodel */;
			path = RESwiftChallenge.xcdatamodeld;
			sourceTree = "<group>";
			versionGroupType = wrapper.xcdatamodel;
		};
/* End XCVersionGroup section */
	};
	rootObject = 1F6262DE2304830400CE5E70 /* Project object */;
}
